
Microsoft Visual Studio Solution File, Format Version 12.00
# Visual Studio 14
VisualStudioVersion = 14.0.25420.1
MinimumVisualStudioVersion = 10.0.40219.1
Project("{FAE04EC0-301F-11D3-BF4B-00C04F79EFBC}") = "Murtain.OAuth2.Core", "Murtain.OAuth2.Core\Murtain.OAuth2.Core.csproj", "{AE269672-1CAF-4919-8E3E-E4C7FE58C77D}"
EndProject
Project("{FAE04EC0-301F-11D3-BF4B-00C04F79EFBC}") = "Murtain.OAuth2.Infrastructure", "Murtain.OAuth2.Infrastructure\Murtain.OAuth2.Infrastructure.csproj", "{9CE69C91-DAED-45F2-8B4A-DCC1E82AD1A8}"
EndProject
Project("{FAE04EC0-301F-11D3-BF4B-00C04F79EFBC}") = "Murtain.OAuth2.Domain", "Murtain.OAuth2.Domain\Murtain.OAuth2.Domain.csproj", "{4D92E54F-03FF-422F-B77A-F5993C8C1305}"
EndProject
Project("{FAE04EC0-301F-11D3-BF4B-00C04F79EFBC}") = "Murtain.OAuth2.SDK", "Murtain.OAuth2.SDK\Murtain.OAuth2.SDK.csproj", "{F270FC6F-23AA-46DB-B8AB-F0DD71FF5DEA}"
EndProject
Project("{FAE04EC0-301F-11D3-BF4B-00C04F79EFBC}") = "Murtain.OAuth2.Application", "Murtain.OAuth2.Application\Murtain.OAuth2.Application.csproj", "{472D404A-0B37-44D4-A79B-B2B936CC5067}"
EndProject
Project("{2150E333-8FDC-42A3-9474-1A3956D46DE8}") = "Murtain", "Murtain", "{B52DC50D-853C-46D1-8949-273FE4A7AC46}"
EndProject
Project("{FAE04EC0-301F-11D3-BF4B-00C04F79EFBC}") = "Murtain", "..\Murtain\Murtain\Murtain.csproj", "{1F77D738-26F1-4838-A44B-D88702D72319}"
EndProject
Project("{FAE04EC0-301F-11D3-BF4B-00C04F79EFBC}") = "Murtain.AutoMapper", "..\Murtain\Murtain.AutoMapper\Murtain.AutoMapper.csproj", "{705E044D-408D-4823-923C-E79E316035A8}"
EndProject
Project("{FAE04EC0-301F-11D3-BF4B-00C04F79EFBC}") = "Murtain.EntityFramework", "..\Murtain\Murtain.EntityFramework\Murtain.EntityFramework.csproj", "{C8965502-47B6-4499-8D3D-D75F24D30A9D}"
EndProject
Project("{FAE04EC0-301F-11D3-BF4B-00C04F79EFBC}") = "Murtain.Redis", "..\Murtain\Murtain.Redis\Murtain.Redis.csproj", "{D7FA5C76-D875-4377-8C61-5ABB15501A12}"
EndProject
Project("{FAE04EC0-301F-11D3-BF4B-00C04F79EFBC}") = "Murtain.Redis4net", "..\Murtain\Murtain.Redis4net\Murtain.Redis4net.csproj", "{74083B86-F5CF-48E7-87EC-429B5469FA27}"
EndProject
Project("{FAE04EC0-301F-11D3-BF4B-00C04F79EFBC}") = "Murtain.RedisCache", "..\Murtain\Murtain.RedisCache\Murtain.RedisCache.csproj", "{EDE19B59-FA95-4613-AA7C-2CC8675F19BE}"
EndProject
Project("{FAE04EC0-301F-11D3-BF4B-00C04F79EFBC}") = "Murtain.OAuth2.Web", "Murtain.OAuth2.Web\Murtain.OAuth2.Web.csproj", "{83BA8B4F-8360-428A-AAD2-73E3C9A967D2}"
EndProject
Project("{2150E333-8FDC-42A3-9474-1A3956D46DE8}") = "IdentityServer3", "IdentityServer3", "{17C425FC-C73C-4B68-A77A-F2A0BDFCF0D4}"
EndProject
Project("{FAE04EC0-301F-11D3-BF4B-00C04F79EFBC}") = "Core", "..\..\GitHub\IdentityServer3\source\Core\Core.csproj", "{FB9E026E-BAB3-498A-A954-B93B05C146A5}"
EndProject
Project("{FAE04EC0-301F-11D3-BF4B-00C04F79EFBC}") = "Murtain.Web", "..\Murtain\Murtain.Web\Murtain.Web.csproj", "{60B9D99C-2829-4FB9-982A-F8D26639EDCC}"
EndProject
Project("{FAE04EC0-301F-11D3-BF4B-00C04F79EFBC}") = "Murtain.SDK", "..\Murtain\Murtain.SDK\Murtain.SDK.csproj", "{08D9807E-C4A2-42AC-9BA0-C408F07C6016}"
EndProject
Global
	GlobalSection(SolutionConfigurationPlatforms) = preSolution
		AzureWebSites|Any CPU = AzureWebSites|Any CPU
		Debug|Any CPU = Debug|Any CPU
		Release|Any CPU = Release|Any CPU
	EndGlobalSection
	GlobalSection(ProjectConfigurationPlatforms) = postSolution
		{AE269672-1CAF-4919-8E3E-E4C7FE58C77D}.AzureWebSites|Any CPU.ActiveCfg = Release|Any CPU
		{AE269672-1CAF-4919-8E3E-E4C7FE58C77D}.AzureWebSites|Any CPU.Build.0 = Release|Any CPU
		{AE269672-1CAF-4919-8E3E-E4C7FE58C77D}.Debug|Any CPU.ActiveCfg = Debug|Any CPU
		{AE269672-1CAF-4919-8E3E-E4C7FE58C77D}.Debug|Any CPU.Build.0 = Debug|Any CPU
		{AE269672-1CAF-4919-8E3E-E4C7FE58C77D}.Release|Any CPU.ActiveCfg = Release|Any CPU
		{AE269672-1CAF-4919-8E3E-E4C7FE58C77D}.Release|Any CPU.Build.0 = Release|Any CPU
		{9CE69C91-DAED-45F2-8B4A-DCC1E82AD1A8}.AzureWebSites|Any CPU.ActiveCfg = Release|Any CPU
		{9CE69C91-DAED-45F2-8B4A-DCC1E82AD1A8}.AzureWebSites|Any CPU.Build.0 = Release|Any CPU
		{9CE69C91-DAED-45F2-8B4A-DCC1E82AD1A8}.Debug|Any CPU.ActiveCfg = Debug|Any CPU
		{9CE69C91-DAED-45F2-8B4A-DCC1E82AD1A8}.Debug|Any CPU.Build.0 = Debug|Any CPU
		{9CE69C91-DAED-45F2-8B4A-DCC1E82AD1A8}.Release|Any CPU.ActiveCfg = Release|Any CPU
		{9CE69C91-DAED-45F2-8B4A-DCC1E82AD1A8}.Release|Any CPU.Build.0 = Release|Any CPU
		{4D92E54F-03FF-422F-B77A-F5993C8C1305}.AzureWebSites|Any CPU.ActiveCfg = Release|Any CPU
		{4D92E54F-03FF-422F-B77A-F5993C8C1305}.AzureWebSites|Any CPU.Build.0 = Release|Any CPU
		{4D92E54F-03FF-422F-B77A-F5993C8C1305}.Debug|Any CPU.ActiveCfg = Debug|Any CPU
		{4D92E54F-03FF-422F-B77A-F5993C8C1305}.Debug|Any CPU.Build.0 = Debug|Any CPU
		{4D92E54F-03FF-422F-B77A-F5993C8C1305}.Release|Any CPU.ActiveCfg = Release|Any CPU
		{4D92E54F-03FF-422F-B77A-F5993C8C1305}.Release|Any CPU.Build.0 = Release|Any CPU
		{F270FC6F-23AA-46DB-B8AB-F0DD71FF5DEA}.AzureWebSites|Any CPU.ActiveCfg = Release|Any CPU
		{F270FC6F-23AA-46DB-B8AB-F0DD71FF5DEA}.AzureWebSites|Any CPU.Build.0 = Release|Any CPU
		{F270FC6F-23AA-46DB-B8AB-F0DD71FF5DEA}.Debug|Any CPU.ActiveCfg = Debug|Any CPU
		{F270FC6F-23AA-46DB-B8AB-F0DD71FF5DEA}.Debug|Any CPU.Build.0 = Debug|Any CPU
		{F270FC6F-23AA-46DB-B8AB-F0DD71FF5DEA}.Release|Any CPU.ActiveCfg = Release|Any CPU
		{F270FC6F-23AA-46DB-B8AB-F0DD71FF5DEA}.Release|Any CPU.Build.0 = Release|Any CPU
		{472D404A-0B37-44D4-A79B-B2B936CC5067}.AzureWebSites|Any CPU.ActiveCfg = Release|Any CPU
		{472D404A-0B37-44D4-A79B-B2B936CC5067}.AzureWebSites|Any CPU.Build.0 = Release|Any CPU
		{472D404A-0B37-44D4-A79B-B2B936CC5067}.Debug|Any CPU.ActiveCfg = Debug|Any CPU
		{472D404A-0B37-44D4-A79B-B2B936CC5067}.Debug|Any CPU.Build.0 = Debug|Any CPU
		{472D404A-0B37-44D4-A79B-B2B936CC5067}.Release|Any CPU.ActiveCfg = Release|Any CPU
		{472D404A-0B37-44D4-A79B-B2B936CC5067}.Release|Any CPU.Build.0 = Release|Any CPU
		{1F77D738-26F1-4838-A44B-D88702D72319}.AzureWebSites|Any CPU.ActiveCfg = Release|Any CPU
		{1F77D738-26F1-4838-A44B-D88702D72319}.AzureWebSites|Any CPU.Build.0 = Release|Any CPU
		{1F77D738-26F1-4838-A44B-D88702D72319}.Debug|Any CPU.ActiveCfg = Debug|Any CPU
		{1F77D738-26F1-4838-A44B-D88702D72319}.Debug|Any CPU.Build.0 = Debug|Any CPU
		{1F77D738-26F1-4838-A44B-D88702D72319}.Release|Any CPU.ActiveCfg = Release|Any CPU
		{1F77D738-26F1-4838-A44B-D88702D72319}.Release|Any CPU.Build.0 = Release|Any CPU
		{705E044D-408D-4823-923C-E79E316035A8}.AzureWebSites|Any CPU.ActiveCfg = Release|Any CPU
		{705E044D-408D-4823-923C-E79E316035A8}.AzureWebSites|Any CPU.Build.0 = Release|Any CPU
		{705E044D-408D-4823-923C-E79E316035A8}.Debug|Any CPU.ActiveCfg = Debug|Any CPU
		{705E044D-408D-4823-923C-E79E316035A8}.Debug|Any CPU.Build.0 = Debug|Any CPU
		{705E044D-408D-4823-923C-E79E316035A8}.Release|Any CPU.ActiveCfg = Release|Any CPU
		{705E044D-408D-4823-923C-E79E316035A8}.Release|Any CPU.Build.0 = Release|Any CPU
		{C8965502-47B6-4499-8D3D-D75F24D30A9D}.AzureWebSites|Any CPU.ActiveCfg = Release|Any CPU
		{C8965502-47B6-4499-8D3D-D75F24D30A9D}.AzureWebSites|Any CPU.Build.0 = Release|Any CPU
		{C8965502-47B6-4499-8D3D-D75F24D30A9D}.Debug|Any CPU.ActiveCfg = Debug|Any CPU
		{C8965502-47B6-4499-8D3D-D75F24D30A9D}.Debug|Any CPU.Build.0 = Debug|Any CPU
		{C8965502-47B6-4499-8D3D-D75F24D30A9D}.Release|Any CPU.ActiveCfg = Release|Any CPU
		{C8965502-47B6-4499-8D3D-D75F24D30A9D}.Release|Any CPU.Build.0 = Release|Any CPU
		{D7FA5C76-D875-4377-8C61-5ABB15501A12}.AzureWebSites|Any CPU.ActiveCfg = Release|Any CPU
		{D7FA5C76-D875-4377-8C61-5ABB15501A12}.AzureWebSites|Any CPU.Build.0 = Release|Any CPU
		{D7FA5C76-D875-4377-8C61-5ABB15501A12}.Debug|Any CPU.ActiveCfg = Debug|Any CPU
		{D7FA5C76-D875-4377-8C61-5ABB15501A12}.Debug|Any CPU.Build.0 = Debug|Any CPU
		{D7FA5C76-D875-4377-8C61-5ABB15501A12}.Release|Any CPU.ActiveCfg = Release|Any CPU
		{D7FA5C76-D875-4377-8C61-5ABB15501A12}.Release|Any CPU.Build.0 = Release|Any CPU
		{74083B86-F5CF-48E7-87EC-429B5469FA27}.AzureWebSites|Any CPU.ActiveCfg = Release|Any CPU
		{74083B86-F5CF-48E7-87EC-429B5469FA27}.AzureWebSites|Any CPU.Build.0 = Release|Any CPU
		{74083B86-F5CF-48E7-87EC-429B5469FA27}.Debug|Any CPU.ActiveCfg = Debug|Any CPU
		{74083B86-F5CF-48E7-87EC-429B5469FA27}.Debug|Any CPU.Build.0 = Debug|Any CPU
		{74083B86-F5CF-48E7-87EC-429B5469FA27}.Release|Any CPU.ActiveCfg = Release|Any CPU
		{74083B86-F5CF-48E7-87EC-429B5469FA27}.Release|Any CPU.Build.0 = Release|Any CPU
		{EDE19B59-FA95-4613-AA7C-2CC8675F19BE}.AzureWebSites|Any CPU.ActiveCfg = Release|Any CPU
		{EDE19B59-FA95-4613-AA7C-2CC8675F19BE}.AzureWebSites|Any CPU.Build.0 = Release|Any CPU
		{EDE19B59-FA95-4613-AA7C-2CC8675F19BE}.Debug|Any CPU.ActiveCfg = Debug|Any CPU
		{EDE19B59-FA95-4613-AA7C-2CC8675F19BE}.Debug|Any CPU.Build.0 = Debug|Any CPU
		{EDE19B59-FA95-4613-AA7C-2CC8675F19BE}.Release|Any CPU.ActiveCfg = Release|Any CPU
		{EDE19B59-FA95-4613-AA7C-2CC8675F19BE}.Release|Any CPU.Build.0 = Release|Any CPU
		{83BA8B4F-8360-428A-AAD2-73E3C9A967D2}.AzureWebSites|Any CPU.ActiveCfg = Release|Any CPU
		{83BA8B4F-8360-428A-AAD2-73E3C9A967D2}.AzureWebSites|Any CPU.Build.0 = Release|Any CPU
		{83BA8B4F-8360-428A-AAD2-73E3C9A967D2}.Debug|Any CPU.ActiveCfg = Debug|Any CPU
		{83BA8B4F-8360-428A-AAD2-73E3C9A967D2}.Debug|Any CPU.Build.0 = Debug|Any CPU
		{83BA8B4F-8360-428A-AAD2-73E3C9A967D2}.Release|Any CPU.ActiveCfg = Release|Any CPU
		{83BA8B4F-8360-428A-AAD2-73E3C9A967D2}.Release|Any CPU.Build.0 = Release|Any CPU
		{FB9E026E-BAB3-498A-A954-B93B05C146A5}.AzureWebSites|Any CPU.ActiveCfg = AzureWebSites|Any CPU
		{FB9E026E-BAB3-498A-A954-B93B05C146A5}.AzureWebSites|Any CPU.Build.0 = AzureWebSites|Any CPU
		{FB9E026E-BAB3-498A-A954-B93B05C146A5}.Debug|Any CPU.ActiveCfg = Debug|Any CPU
		{FB9E026E-BAB3-498A-A954-B93B05C146A5}.Debug|Any CPU.Build.0 = Debug|Any CPU
		{FB9E026E-BAB3-498A-A954-B93B05C146A5}.Release|Any CPU.ActiveCfg = Release|Any CPU
		{FB9E026E-BAB3-498A-A954-B93B05C146A5}.Release|Any CPU.Build.0 = Release|Any CPU
		{60B9D99C-2829-4FB9-982A-F8D26639EDCC}.AzureWebSites|Any CPU.ActiveCfg = Release|Any CPU
		{60B9D99C-2829-4FB9-982A-F8D26639EDCC}.AzureWebSites|Any CPU.Build.0 = Release|Any CPU
		{60B9D99C-2829-4FB9-982A-F8D26639EDCC}.Debug|Any CPU.ActiveCfg = Debug|Any CPU
		{60B9D99C-2829-4FB9-982A-F8D26639EDCC}.Debug|Any CPU.Build.0 = Debug|Any CPU
		{60B9D99C-2829-4FB9-982A-F8D26639EDCC}.Release|Any CPU.ActiveCfg = Release|Any CPU
		{60B9D99C-2829-4FB9-982A-F8D26639EDCC}.Release|Any CPU.Build.0 = Release|Any CPU
		{08D9807E-C4A2-42AC-9BA0-C408F07C6016}.AzureWebSites|Any CPU.ActiveCfg = Release|Any CPU
		{08D9807E-C4A2-42AC-9BA0-C408F07C6016}.AzureWebSites|Any CPU.Build.0 = Release|Any CPU
		{08D9807E-C4A2-42AC-9BA0-C408F07C6016}.Debug|Any CPU.ActiveCfg = Debug|Any CPU
		{08D9807E-C4A2-42AC-9BA0-C408F07C6016}.Debug|Any CPU.Build.0 = Debug|Any CPU
		{08D9807E-C4A2-42AC-9BA0-C408F07C6016}.Release|Any CPU.ActiveCfg = Release|Any CPU
		{08D9807E-C4A2-42AC-9BA0-C408F07C6016}.Release|Any CPU.Build.0 = Release|Any CPU
	EndGlobalSection
	GlobalSection(SolutionProperties) = preSolution
		HideSolutionNode = FALSE
	EndGlobalSection
	GlobalSection(NestedProjects) = preSolution
		{1F77D738-26F1-4838-A44B-D88702D72319} = {B52DC50D-853C-46D1-8949-273FE4A7AC46}
		{705E044D-408D-4823-923C-E79E316035A8} = {B52DC50D-853C-46D1-8949-273FE4A7AC46}
		{C8965502-47B6-4499-8D3D-D75F24D30A9D} = {B52DC50D-853C-46D1-8949-273FE4A7AC46}
		{D7FA5C76-D875-4377-8C61-5ABB15501A12} = {B52DC50D-853C-46D1-8949-273FE4A7AC46}
		{74083B86-F5CF-48E7-87EC-429B5469FA27} = {B52DC50D-853C-46D1-8949-273FE4A7AC46}
		{EDE19B59-FA95-4613-AA7C-2CC8675F19BE} = {B52DC50D-853C-46D1-8949-273FE4A7AC46}
		{FB9E026E-BAB3-498A-A954-B93B05C146A5} = {17C425FC-C73C-4B68-A77A-F2A0BDFCF0D4}
		{60B9D99C-2829-4FB9-982A-F8D26639EDCC} = {B52DC50D-853C-46D1-8949-273FE4A7AC46}
		{08D9807E-C4A2-42AC-9BA0-C408F07C6016} = {B52DC50D-853C-46D1-8949-273FE4A7AC46}
	EndGlobalSection
EndGlobal
