
Microsoft Visual Studio Solution File, Format Version 12.00
# Visual Studio 14
VisualStudioVersion = 14.0.25420.1
MinimumVisualStudioVersion = 10.0.40219.1
Project("{FAE04EC0-301F-11D3-BF4B-00C04F79EFBC}") = "Murtain.OAuth2.Core", "Murtain.OAuth2.Core\Murtain.OAuth2.Core.csproj", "{AE269672-1CAF-4919-8E3E-E4C7FE58C77D}"
EndProject
Project("{FAE04EC0-301F-11D3-BF4B-00C04F79EFBC}") = "Murtain.OAuth2.Infrastructure", "Murtain.OAuth2.Infrastructure\Murtain.OAuth2.Infrastructure.csproj", "{9CE69C91-DAED-45F2-8B4A-DCC1E82AD1A8}"
EndProject
Project("{FAE04EC0-301F-11D3-BF4B-00C04F79EFBC}") = "Murtain.OAuth2.Domain", "Murtain.OAuth2.Domain\Murtain.OAuth2.Domain.csproj", "{4D92E54F-03FF-422F-B77A-F5993C8C1305}"
EndProject
Project("{FAE04EC0-301F-11D3-BF4B-00C04F79EFBC}") = "Murtain.OAuth2.SDK", "Murtain.OAuth2.SDK\Murtain.OAuth2.SDK.csproj", "{F270FC6F-23AA-46DB-B8AB-F0DD71FF5DEA}"
EndProject
Project("{FAE04EC0-301F-11D3-BF4B-00C04F79EFBC}") = "Murtain.OAuth2.Web", "Murtain.OAuth2.Web\Murtain.OAuth2.Web.csproj", "{83BA8B4F-8360-428A-AAD2-73E3C9A967D2}"
EndProject
Project("{2150E333-8FDC-42A3-9474-1A3956D46DE8}") = "Murtain", "Murtain", "{1EA18CCA-0628-43A4-A641-A666CFB3F753}"
EndProject
Project("{FAE04EC0-301F-11D3-BF4B-00C04F79EFBC}") = "Murtain", "..\Murtain\Murtain\Murtain.csproj", "{1F77D738-26F1-4838-A44B-D88702D72319}"
EndProject
Project("{FAE04EC0-301F-11D3-BF4B-00C04F79EFBC}") = "Murtain.AutoMapper", "..\Murtain\Murtain.AutoMapper\Murtain.AutoMapper.csproj", "{705E044D-408D-4823-923C-E79E316035A8}"
EndProject
Project("{FAE04EC0-301F-11D3-BF4B-00C04F79EFBC}") = "Murtain.EntityFramework", "..\Murtain\Murtain.EntityFramework\Murtain.EntityFramework.csproj", "{C8965502-47B6-4499-8D3D-D75F24D30A9D}"
EndProject
Project("{FAE04EC0-301F-11D3-BF4B-00C04F79EFBC}") = "Murtain.Identity", "..\Murtain\Murtain.Identity\Murtain.Identity.csproj", "{AF8AF55F-DE2F-4646-B26D-6F3D3D3B5A06}"
EndProject
Project("{FAE04EC0-301F-11D3-BF4B-00C04F79EFBC}") = "Murtain.Redis", "..\Murtain\Murtain.Redis\Murtain.Redis.csproj", "{D7FA5C76-D875-4377-8C61-5ABB15501A12}"
EndProject
Project("{FAE04EC0-301F-11D3-BF4B-00C04F79EFBC}") = "Murtain.Redis4net", "..\Murtain\Murtain.Redis4net\Murtain.Redis4net.csproj", "{74083B86-F5CF-48E7-87EC-429B5469FA27}"
EndProject
Project("{FAE04EC0-301F-11D3-BF4B-00C04F79EFBC}") = "Murtain.RedisCache", "..\Murtain\Murtain.RedisCache\Murtain.RedisCache.csproj", "{EDE19B59-FA95-4613-AA7C-2CC8675F19BE}"
EndProject
Project("{FAE04EC0-301F-11D3-BF4B-00C04F79EFBC}") = "Murtain.Resources", "..\Murtain\Murtain.Resources\Murtain.Resources.csproj", "{C80B18C0-4C33-4E14-87FD-9F3A8D304B81}"
EndProject
Project("{FAE04EC0-301F-11D3-BF4B-00C04F79EFBC}") = "Murtain.Web.ApiDocument", "..\Murtain\Murtain.Web.ApiDocument\Murtain.Web.ApiDocument.csproj", "{86BC86E6-FC8F-4E0F-A5C5-81B22DD83589}"
EndProject
Project("{FAE04EC0-301F-11D3-BF4B-00C04F79EFBC}") = "Murtain.Web.SignalR", "..\Murtain\Murtain.Web.SignalR\Murtain.Web.SignalR.csproj", "{2EA83669-E2DC-41F2-9348-3AF7E4A5A576}"
EndProject
Global
	GlobalSection(SolutionConfigurationPlatforms) = preSolution
		Debug|Any CPU = Debug|Any CPU
		Release|Any CPU = Release|Any CPU
	EndGlobalSection
	GlobalSection(ProjectConfigurationPlatforms) = postSolution
		{AE269672-1CAF-4919-8E3E-E4C7FE58C77D}.Debug|Any CPU.ActiveCfg = Debug|Any CPU
		{AE269672-1CAF-4919-8E3E-E4C7FE58C77D}.Debug|Any CPU.Build.0 = Debug|Any CPU
		{AE269672-1CAF-4919-8E3E-E4C7FE58C77D}.Release|Any CPU.ActiveCfg = Release|Any CPU
		{AE269672-1CAF-4919-8E3E-E4C7FE58C77D}.Release|Any CPU.Build.0 = Release|Any CPU
		{9CE69C91-DAED-45F2-8B4A-DCC1E82AD1A8}.Debug|Any CPU.ActiveCfg = Debug|Any CPU
		{9CE69C91-DAED-45F2-8B4A-DCC1E82AD1A8}.Debug|Any CPU.Build.0 = Debug|Any CPU
		{9CE69C91-DAED-45F2-8B4A-DCC1E82AD1A8}.Release|Any CPU.ActiveCfg = Release|Any CPU
		{9CE69C91-DAED-45F2-8B4A-DCC1E82AD1A8}.Release|Any CPU.Build.0 = Release|Any CPU
		{4D92E54F-03FF-422F-B77A-F5993C8C1305}.Debug|Any CPU.ActiveCfg = Debug|Any CPU
		{4D92E54F-03FF-422F-B77A-F5993C8C1305}.Debug|Any CPU.Build.0 = Debug|Any CPU
		{4D92E54F-03FF-422F-B77A-F5993C8C1305}.Release|Any CPU.ActiveCfg = Release|Any CPU
		{4D92E54F-03FF-422F-B77A-F5993C8C1305}.Release|Any CPU.Build.0 = Release|Any CPU
		{F270FC6F-23AA-46DB-B8AB-F0DD71FF5DEA}.Debug|Any CPU.ActiveCfg = Debug|Any CPU
		{F270FC6F-23AA-46DB-B8AB-F0DD71FF5DEA}.Debug|Any CPU.Build.0 = Debug|Any CPU
		{F270FC6F-23AA-46DB-B8AB-F0DD71FF5DEA}.Release|Any CPU.ActiveCfg = Release|Any CPU
		{F270FC6F-23AA-46DB-B8AB-F0DD71FF5DEA}.Release|Any CPU.Build.0 = Release|Any CPU
		{83BA8B4F-8360-428A-AAD2-73E3C9A967D2}.Debug|Any CPU.ActiveCfg = Debug|Any CPU
		{83BA8B4F-8360-428A-AAD2-73E3C9A967D2}.Debug|Any CPU.Build.0 = Debug|Any CPU
		{83BA8B4F-8360-428A-AAD2-73E3C9A967D2}.Release|Any CPU.ActiveCfg = Release|Any CPU
		{83BA8B4F-8360-428A-AAD2-73E3C9A967D2}.Release|Any CPU.Build.0 = Release|Any CPU
		{1F77D738-26F1-4838-A44B-D88702D72319}.Debug|Any CPU.ActiveCfg = Debug|Any CPU
		{1F77D738-26F1-4838-A44B-D88702D72319}.Debug|Any CPU.Build.0 = Debug|Any CPU
		{1F77D738-26F1-4838-A44B-D88702D72319}.Release|Any CPU.ActiveCfg = Release|Any CPU
		{1F77D738-26F1-4838-A44B-D88702D72319}.Release|Any CPU.Build.0 = Release|Any CPU
		{705E044D-408D-4823-923C-E79E316035A8}.Debug|Any CPU.ActiveCfg = Debug|Any CPU
		{705E044D-408D-4823-923C-E79E316035A8}.Debug|Any CPU.Build.0 = Debug|Any CPU
		{705E044D-408D-4823-923C-E79E316035A8}.Release|Any CPU.ActiveCfg = Release|Any CPU
		{705E044D-408D-4823-923C-E79E316035A8}.Release|Any CPU.Build.0 = Release|Any CPU
		{C8965502-47B6-4499-8D3D-D75F24D30A9D}.Debug|Any CPU.ActiveCfg = Debug|Any CPU
		{C8965502-47B6-4499-8D3D-D75F24D30A9D}.Debug|Any CPU.Build.0 = Debug|Any CPU
		{C8965502-47B6-4499-8D3D-D75F24D30A9D}.Release|Any CPU.ActiveCfg = Release|Any CPU
		{C8965502-47B6-4499-8D3D-D75F24D30A9D}.Release|Any CPU.Build.0 = Release|Any CPU
		{AF8AF55F-DE2F-4646-B26D-6F3D3D3B5A06}.Debug|Any CPU.ActiveCfg = Debug|Any CPU
		{AF8AF55F-DE2F-4646-B26D-6F3D3D3B5A06}.Debug|Any CPU.Build.0 = Debug|Any CPU
		{AF8AF55F-DE2F-4646-B26D-6F3D3D3B5A06}.Release|Any CPU.ActiveCfg = Release|Any CPU
		{AF8AF55F-DE2F-4646-B26D-6F3D3D3B5A06}.Release|Any CPU.Build.0 = Release|Any CPU
		{D7FA5C76-D875-4377-8C61-5ABB15501A12}.Debug|Any CPU.ActiveCfg = Debug|Any CPU
		{D7FA5C76-D875-4377-8C61-5ABB15501A12}.Debug|Any CPU.Build.0 = Debug|Any CPU
		{D7FA5C76-D875-4377-8C61-5ABB15501A12}.Release|Any CPU.ActiveCfg = Release|Any CPU
		{D7FA5C76-D875-4377-8C61-5ABB15501A12}.Release|Any CPU.Build.0 = Release|Any CPU
		{74083B86-F5CF-48E7-87EC-429B5469FA27}.Debug|Any CPU.ActiveCfg = Debug|Any CPU
		{74083B86-F5CF-48E7-87EC-429B5469FA27}.Debug|Any CPU.Build.0 = Debug|Any CPU
		{74083B86-F5CF-48E7-87EC-429B5469FA27}.Release|Any CPU.ActiveCfg = Release|Any CPU
		{74083B86-F5CF-48E7-87EC-429B5469FA27}.Release|Any CPU.Build.0 = Release|Any CPU
		{EDE19B59-FA95-4613-AA7C-2CC8675F19BE}.Debug|Any CPU.ActiveCfg = Debug|Any CPU
		{EDE19B59-FA95-4613-AA7C-2CC8675F19BE}.Debug|Any CPU.Build.0 = Debug|Any CPU
		{EDE19B59-FA95-4613-AA7C-2CC8675F19BE}.Release|Any CPU.ActiveCfg = Release|Any CPU
		{EDE19B59-FA95-4613-AA7C-2CC8675F19BE}.Release|Any CPU.Build.0 = Release|Any CPU
		{C80B18C0-4C33-4E14-87FD-9F3A8D304B81}.Debug|Any CPU.ActiveCfg = Debug|Any CPU
		{C80B18C0-4C33-4E14-87FD-9F3A8D304B81}.Debug|Any CPU.Build.0 = Debug|Any CPU
		{C80B18C0-4C33-4E14-87FD-9F3A8D304B81}.Release|Any CPU.ActiveCfg = Release|Any CPU
		{C80B18C0-4C33-4E14-87FD-9F3A8D304B81}.Release|Any CPU.Build.0 = Release|Any CPU
		{86BC86E6-FC8F-4E0F-A5C5-81B22DD83589}.Debug|Any CPU.ActiveCfg = Debug|Any CPU
		{86BC86E6-FC8F-4E0F-A5C5-81B22DD83589}.Debug|Any CPU.Build.0 = Debug|Any CPU
		{86BC86E6-FC8F-4E0F-A5C5-81B22DD83589}.Release|Any CPU.ActiveCfg = Release|Any CPU
		{86BC86E6-FC8F-4E0F-A5C5-81B22DD83589}.Release|Any CPU.Build.0 = Release|Any CPU
		{2EA83669-E2DC-41F2-9348-3AF7E4A5A576}.Debug|Any CPU.ActiveCfg = Debug|Any CPU
		{2EA83669-E2DC-41F2-9348-3AF7E4A5A576}.Debug|Any CPU.Build.0 = Debug|Any CPU
		{2EA83669-E2DC-41F2-9348-3AF7E4A5A576}.Release|Any CPU.ActiveCfg = Release|Any CPU
		{2EA83669-E2DC-41F2-9348-3AF7E4A5A576}.Release|Any CPU.Build.0 = Release|Any CPU
	EndGlobalSection
	GlobalSection(SolutionProperties) = preSolution
		HideSolutionNode = FALSE
	EndGlobalSection
	GlobalSection(NestedProjects) = preSolution
		{1F77D738-26F1-4838-A44B-D88702D72319} = {1EA18CCA-0628-43A4-A641-A666CFB3F753}
		{705E044D-408D-4823-923C-E79E316035A8} = {1EA18CCA-0628-43A4-A641-A666CFB3F753}
		{C8965502-47B6-4499-8D3D-D75F24D30A9D} = {1EA18CCA-0628-43A4-A641-A666CFB3F753}
		{AF8AF55F-DE2F-4646-B26D-6F3D3D3B5A06} = {1EA18CCA-0628-43A4-A641-A666CFB3F753}
		{D7FA5C76-D875-4377-8C61-5ABB15501A12} = {1EA18CCA-0628-43A4-A641-A666CFB3F753}
		{74083B86-F5CF-48E7-87EC-429B5469FA27} = {1EA18CCA-0628-43A4-A641-A666CFB3F753}
		{EDE19B59-FA95-4613-AA7C-2CC8675F19BE} = {1EA18CCA-0628-43A4-A641-A666CFB3F753}
		{C80B18C0-4C33-4E14-87FD-9F3A8D304B81} = {1EA18CCA-0628-43A4-A641-A666CFB3F753}
		{86BC86E6-FC8F-4E0F-A5C5-81B22DD83589} = {1EA18CCA-0628-43A4-A641-A666CFB3F753}
		{2EA83669-E2DC-41F2-9348-3AF7E4A5A576} = {1EA18CCA-0628-43A4-A641-A666CFB3F753}
	EndGlobalSection
EndGlobal
